github.com/davecgh/go-spew v1.1.0/go.mod h1:J7Y8YcW2NihsgmVo/mv3lAwl/skON4iLHjSsI+c5H38=
github.com/davecgh/go-spew v1.1.1 h1:vj9j/u1bqnvCEfJOwUhtlOARqs3+rkHYY13jYWTU97c=
github.com/davecgh/go-spew v1.1.1/go.mod h1:J7Y8YcW2NihsgmVo/mv3lAwl/skON4iLHjSsI+c5H38=
github.com/pkg/errors v0.9.1 h1:FEBLx1zS214owpjy7qsBeixbURkuhQAwrK5UwLGTwt4=
github.com/pkg/errors v0.9.1/go.mod h1:bwawxfHBFNV+L2hUp1rHADufV3IMtnDRdf1r5NINEl0=
github.com/pmezard/go-difflib v1.0.0 h1:4DBwDE0NGyQoBHbLQYPwSUPoCMWR5BEzIk/f1lZbAQM=
github.com/pmezard/go-difflib v1.0.0/go.mod h1:iKH77koFhYxTK1pcRnkKkqfTogsbg7gZNVY4sRDYZ/4=
github.com/revboss/go-config v0.0.0-20160720234052-f9a35313d345 h1:T9OyrvFlosU1Xyzudz2aHJ+vxakfoJlSuJnhnt9eLm4=
github.com/revboss/go-config v0.0.0-20160720234052-f9a35313d345/go.mod h1:BTw8ziTPbS+n+IQdDkak/Gxcf1nkSR7WzTEUonLKf9c=
github.com/revboss/rollrus v0.0.0-20170113155318-ea5cdf88930b h1:pASGYq2eyGz12rfVdtWQY/bxTj111Hc38sP5FYr9EbE=
github.com/revboss/rollrus v0.0.0-20170113155318-ea5cdf88930b/go.mod h1:Q9+b+Pkxhl2A6z+i7TgDCMtrP1zaULhtMtS5pcwP4gA=
github.com/sirupsen/logrus v1.9.0 h1:trlNQbNUG3OdDrDil03MCb1H2o9nJ1x4/5LYw7byDE0=
github.com/sirupsen/logrus v1.9.0/go.mod h1:naHLuLoDiP4jHNo9R0sCBMtWGeIprob74mVsIT4qYEQ=
github.com/stretchr/objx v0.1.0/go.mod h1:HFkY916IF+rwdDfMAkV7OtwuqBVzrE8GR6GFx+wExME=
github.com/stretchr/testify v1.7.0 h1:nwc3DEeHmmLAfoZucVR881uASk0Mfjw8xYJ99tb5CcY=
github.com/stretchr/testify v1.7.0/go.mod h1:6Fq8oRcR53rry900zMqJjRRixrwX3KX962/h/Wwjteg=
github.com/stvp/go-udp-testing v0.0.0-20201019212854-469649b16807 h1:LUsDduamlucuNnWcaTbXQ6aLILFcLXADpOzeEH3U+OI=
github.com/stvp/go-udp-testing v0.0.0-20201019212854-469649b16807/go.mod h1:7jxmlfBCDBXRzr0eAQJ48XC1hBu1np4CS5+cHEYfwpc=
github.com/stvp/roll v0.0.0-20170522205222-3627a5cbeaea h1:jysxIKov/4GJ33wI2aRvuIK7yBwB28E5almlgDLPRpM=
github.com/stvp/roll v0.0.0-20170522205222-3627a5cbeaea/go.mod h1:Ffmqrj3nXIMIjeA4uW3Qjj0Ud9eDoTG0fu4JxyAr/tE=
golang.org/x/sys v0.0.0-20220715151400-c0bba94af5f8 h1:0A+M6Uqn+Eje4kHMK80dtF3JCXC4ykBgQG4Fe06QRhQ=
golang.org/x/sys v0.0.0-20220715151400-c0bba94af5f8/go.mod h1:oPkhp1MJrh7nUepCBck5+mAzfO9JrbApNNgaTdGDITg=
gopkg.in/check.v1 v0.0.0-20161208181325-20d25e280405/go.mod h1:Co6ibVJAznAaIkqp8huTwlJQCZ016jof/cbN4VW5Yz0=
gopkg.in/polds/logrus-papertrail-hook.v3 v3.0.0-20170412154733-cd6f7f5febba h1:pcc7LBuDTfvMscXTzxABMSEM/JN0jh4tksham6UnE3A=
gopkg.in/polds/logrus-papertrail-hook.v3 v3.0.0-20170412154733-cd6f7f5febba/go.mod h1:ATs8ehrMq1pnH1b8oHL14numlwVF/nvD9xHEshcCkLk=
gopkg.in/yaml.v3 v3.0.0-20200313102051-9f266ea9e77c h1:dUUwHk2QECo/6vqA44rthZ8ie2QXMNeKRTHCNY2nXvo=
gopkg.in/yaml.v3 v3.0.0-20200313102051-9f266ea9e77c/go.mod h1:K4uyk7z7BCEPqu6E+C64Yfv1cQ7kz7rIZviUmN+EgEM=
